{
  "name": "git-auto-deploy",
  "version": "1.0.0",
  "lockfileVersion": 1,
  "requires": true,
  "dependencies": {
    "circular-json": {
      "version": "0.5.4",
      "resolved": "https://registry.npmjs.org/circular-json/-/circular-json-0.5.4.tgz",
      "integrity": "sha512-vnJA8KS0BfOihugYEUkLRcnmq21FbuivbxgzDLXNs3zIk4KllV4Mx4UuTzBXht9F00C7QfD1YqMXg1zP6EXpig==",
      "dev": true
    }
  }
}
